// !$*UTF8*$!
{
	archiveVersion = 1;
	classes = {
	};
	objectVersion = 55;
	objects = {

/* Begin PBXBuildFile section */
		769A0A822774115800AB593D /* AppDelegate.swift in Sources */ = {isa = PBXBuildFile; fileRef = 769A0A812774115800AB593D /* AppDelegate.swift */; };
		769A0A842774115800AB593D /* SceneDelegate.swift in Sources */ = {isa = PBXBuildFile; fileRef = 769A0A832774115800AB593D /* SceneDelegate.swift */; };
		769A0A862774115800AB593D /* ViewController.swift in Sources */ = {isa = PBXBuildFile; fileRef = 769A0A852774115800AB593D /* ViewController.swift */; };
		769A0A892774115800AB593D /* Main.storyboard in Resources */ = {isa = PBXBuildFile; fileRef = 769A0A872774115800AB593D /* Main.storyboard */; };
		769A0A8C2774115800AB593D /* SwiftStudy.xcdatamodeld in Sources */ = {isa = PBXBuildFile; fileRef = 769A0A8A2774115800AB593D /* SwiftStudy.xcdatamodeld */; };
		769A0A8E2774115A00AB593D /* Assets.xcassets in Resources */ = {isa = PBXBuildFile; fileRef = 769A0A8D2774115A00AB593D /* Assets.xcassets */; };
		769A0A912774115A00AB593D /* LaunchScreen.storyboard in Resources */ = {isa = PBXBuildFile; fileRef = 769A0A8F2774115A00AB593D /* LaunchScreen.storyboard */; };
		769A0A9C2774115A00AB593D /* SwiftStudyTests.swift in Sources */ = {isa = PBXBuildFile; fileRef = 769A0A9B2774115A00AB593D /* SwiftStudyTests.swift */; };
		769A0AA62774115A00AB593D /* SwiftStudyUITests.swift in Sources */ = {isa = PBXBuildFile; fileRef = 769A0AA52774115A00AB593D /* SwiftStudyUITests.swift */; };
		769A0AA82774115A00AB593D /* SwiftStudyUITestsLaunchTests.swift in Sources */ = {isa = PBXBuildFile; fileRef = 769A0AA72774115A00AB593D /* SwiftStudyUITestsLaunchTests.swift */; };
/* End PBXBuildFile section */

/* Begin PBXContainerItemProxy section */
		769A0A982774115A00AB593D /* PBXContainerItemProxy */ = {
			isa = PBXContainerItemProxy;
			containerPortal = 769A0A762774115800AB593D /* Project object */;
			proxyType = 1;
			remoteGlobalIDString = 769A0A7D2774115800AB593D;
			remoteInfo = SwiftStudy;
		};
		769A0AA22774115A00AB593D /* PBXContainerItemProxy */ = {
			isa = PBXContainerItemProxy;
			containerPortal = 769A0A762774115800AB593D /* Project object */;
			proxyType = 1;
			remoteGlobalIDString = 769A0A7D2774115800AB593D;
			remoteInfo = SwiftStudy;
		};
/* End PBXContainerItemProxy section */

/* Begin PBXFileReference section */
		769A0A7E2774115800AB593D /* SwiftStudy.app */ = {isa = PBXFileReference; explicitFileType = wrapper.application; includeInIndex = 0; path = SwiftStudy.app; sourceTree = BUILT_PRODUCTS_DIR; };
		769A0A812774115800AB593D /* AppDelegate.swift */ = {isa = PBXFileReference; lastKnownFileType = sourcecode.swift; path = AppDelegate.swift; sourceTree = "<group>"; };
		769A0A832774115800AB593D /* SceneDelegate.swift */ = {isa = PBXFileReference; lastKnownFileType = sourcecode.swift; path = SceneDelegate.swift; sourceTree = "<group>"; };
		769A0A852774115800AB593D /* ViewController.swift */ = {isa = PBXFileReference; lastKnownFileType = sourcecode.swift; path = ViewController.swift; sourceTree = "<group>"; };
		769A0A882774115800AB593D /* Base */ = {isa = PBXFileReference; lastKnownFileType = file.storyboard; name = Base; path = Base.lproj/Main.storyboard; sourceTree = "<group>"; };
		769A0A8B2774115800AB593D /* SwiftStudy.xcdatamodel */ = {isa = PBXFileReference; lastKnownFileType = wrapper.xcdatamodel; path = SwiftStudy.xcdatamodel; sourceTree = "<group>"; };
		769A0A8D2774115A00AB593D /* Assets.xcassets */ = {isa = PBXFileReference; lastKnownFileType = folder.assetcatalog; path = Assets.xcassets; sourceTree = "<group>"; };
		769A0A902774115A00AB593D /* Base */ = {isa = PBXFileReference; lastKnownFileType = file.storyboard; name = Base; path = Base.lproj/LaunchScreen.storyboard; sourceTree = "<group>"; };
		769A0A922774115A00AB593D /* Info.plist */ = {isa = PBXFileReference; lastKnownFileType = text.plist.xml; path = Info.plist; sourceTree = "<group>"; };
		769A0A972774115A00AB593D /* SwiftStudyTests.xctest */ = {isa = PBXFileReference; explicitFileType = wrapper.cfbundle; includeInIndex = 0; path = SwiftStudyTests.xctest; sourceTree = BUILT_PRODUCTS_DIR; };
		769A0A9B2774115A00AB593D /* SwiftStudyTests.swift */ = {isa = PBXFileReference; lastKnownFileType = sourcecode.swift; path = SwiftStudyTests.swift; sourceTree = "<group>"; };
		769A0AA12774115A00AB593D /* SwiftStudyUITests.xctest */ = {isa = PBXFileReference; explicitFileType = wrapper.cfbundle; includeInIndex = 0; path = SwiftStudyUITests.xctest; sourceTree = BUILT_PRODUCTS_DIR; };
		769A0AA52774115A00AB593D /* SwiftStudyUITests.swift */ = {isa = PBXFileReference; lastKnownFileType = sourcecode.swift; path = SwiftStudyUITests.swift; sourceTree = "<group>"; };
		769A0AA72774115A00AB593D /* SwiftStudyUITestsLaunchTests.swift */ = {isa = PBXFileReference; lastKnownFileType = sourcecode.swift; path = SwiftStudyUITestsLaunchTests.swift; sourceTree = "<group>"; };
/* End PBXFileReference section */

/* Begin PBXFrameworksBuildPhase section */
		769A0A7B2774115800AB593D /* Frameworks */ = {
			isa = PBXFrameworksBuildPhase;
			buildActionMask = 2147483647;
			files = (
			);
			runOnlyForDeploymentPostprocessing = 0;
		};
		769A0A942774115A00AB593D /* Frameworks */ = {
			isa = PBXFrameworksBuildPhase;
			buildActionMask = 2147483647;
			files = (
			);
			runOnlyForDeploymentPostprocessing = 0;
		};
		769A0A9E2774115A00AB593D /* Frameworks */ = {
			isa = PBXFrameworksBuildPhase;
			buildActionMask = 2147483647;
			files = (
			);
			runOnlyForDeploymentPostprocessing = 0;
		};
/* End PBXFrameworksBuildPhase section */

/* Begin PBXGroup section */
		769A0A752774115800AB593D = {
			isa = PBXGroup;
			children = (
				769A0A802774115800AB593D /* SwiftStudy */,
				769A0A9A2774115A00AB593D /* SwiftStudyTests */,
				769A0AA42774115A00AB593D /* SwiftStudyUITests */,
				769A0A7F2774115800AB593D /* Products */,
			);
			sourceTree = "<group>";
		};
		769A0A7F2774115800AB593D /* Products */ = {
			isa = PBXGroup;
			children = (
				769A0A7E2774115800AB593D /* SwiftStudy.app */,
				769A0A972774115A00AB593D /* SwiftStudyTests.xctest */,
				769A0AA12774115A00AB593D /* SwiftStudyUITests.xctest */,
			);
			name = Products;
			sourceTree = "<group>";
		};
		769A0A802774115800AB593D /* SwiftStudy */ = {
			isa = PBXGroup;
			children = (
				769A0A812774115800AB593D /* AppDelegate.swift */,
				769A0A832774115800AB593D /* SceneDelegate.swift */,
				769A0A852774115800AB593D /* ViewController.swift */,
				769A0A872774115800AB593D /* Main.storyboard */,
				769A0A8D2774115A00AB593D /* Assets.xcassets */,
				769A0A8F2774115A00AB593D /* LaunchScreen.storyboard */,
				769A0A922774115A00AB593D /* Info.plist */,
				769A0A8A2774115800AB593D /* SwiftStudy.xcdatamodeld */,
			);
			path = SwiftStudy;
			sourceTree = "<group>";
		};
		769A0A9A2774115A00AB593D /* SwiftStudyTests */ = {
			isa = PBXGroup;
			children = (
				769A0A9B2774115A00AB593D /* SwiftStudyTests.swift */,
			);
			path = SwiftStudyTests;
			sourceTree = "<group>";
		};
		769A0AA42774115A00AB593D /* SwiftStudyUITests */ = {
			isa = PBXGroup;
			children = (
				769A0AA52774115A00AB593D /* SwiftStudyUITests.swift */,
				769A0AA72774115A00AB593D /* SwiftStudyUITestsLaunchTests.swift */,
			);
			path = SwiftStudyUITests;
			sourceTree = "<group>";
		};
/* End PBXGroup section */

/* Begin PBXNativeTarget section */
		769A0A7D2774115800AB593D /* SwiftStudy */ = {
			isa = PBXNativeTarget;
			buildConfigurationList = 769A0AAB2774115A00AB593D /* Build configuration list for PBXNativeTarget "SwiftStudy" */;
			buildPhases = (
				769A0A7A2774115800AB593D /* Sources */,
				769A0A7B2774115800AB593D /* Frameworks */,
				769A0A7C2774115800AB593D /* Resources */,
			);
			buildRules = (
			);
			dependencies = (
			);
			name = SwiftStudy;
			productName = SwiftStudy;
			productReference = 769A0A7E2774115800AB593D /* SwiftStudy.app */;
			productType = "com.apple.product-type.application";
		};
		769A0A962774115A00AB593D /* SwiftStudyTests */ = {
			isa = PBXNativeTarget;
			buildConfigurationList = 769A0AAE2774115A00AB593D /* Build configuration list for PBXNativeTarget "SwiftStudyTests" */;
			buildPhases = (
				769A0A932774115A00AB593D /* Sources */,
				769A0A942774115A00AB593D /* Frameworks */,
				769A0A952774115A00AB593D /* Resources */,
			);
			buildRules = (
			);
			dependencies = (
				769A0A992774115A00AB593D /* PBXTargetDependency */,
			);
			name = SwiftStudyTests;
			productName = SwiftStudyTests;
			productReference = 769A0A972774115A00AB593D /* SwiftStudyTests.xctest */;
			productType = "com.apple.product-type.bundle.unit-test";
		};
		769A0AA02774115A00AB593D /* SwiftStudyUITests */ = {
			isa = PBXNativeTarget;
			buildConfigurationList = 769A0AB12774115A00AB593D /* Build configuration list for PBXNativeTarget "SwiftStudyUITests" */;
			buildPhases = (
				769A0A9D2774115A00AB593D /* Sources */,
				769A0A9E2774115A00AB593D /* Frameworks */,
				769A0A9F2774115A00AB593D /* Resources */,
			);
			buildRules = (
			);
			dependencies = (
				769A0AA32774115A00AB593D /* PBXTargetDependency */,
			);
			name = SwiftStudyUITests;
			productName = SwiftStudyUITests;
			productReference = 769A0AA12774115A00AB593D /* SwiftStudyUITests.xctest */;
			productType = "com.apple.product-type.bundle.ui-testing";
		};
/* End PBXNativeTarget section */

/* Begin PBXProject section */
		769A0A762774115800AB593D /* Project object */ = {
			isa = PBXProject;
			attributes = {
				BuildIndependentTargetsInParallel = 1;
				LastSwiftUpdateCheck = 1320;
				LastUpgradeCheck = 1320;
				TargetAttributes = {
					769A0A7D2774115800AB593D = {
						CreatedOnToolsVersion = 13.2.1;
					};
					769A0A962774115A00AB593D = {
						CreatedOnToolsVersion = 13.2.1;
						TestTargetID = 769A0A7D2774115800AB593D;
					};
					769A0AA02774115A00AB593D = {
						CreatedOnToolsVersion = 13.2.1;
						TestTargetID = 769A0A7D2774115800AB593D;
					};
				};
			};
			buildConfigurationList = 769A0A792774115800AB593D /* Build configuration list for PBXProject "SwiftStudy" */;
			compatibilityVersion = "Xcode 13.0";
			developmentRegion = en;
			hasScannedForEncodings = 0;
			knownRegions = (
				en,
				Base,
			);
			mainGroup = 769A0A752774115800AB593D;
			productRefGroup = 769A0A7F2774115800AB593D /* Products */;
			projectDirPath = "";
			projectRoot = "";
			targets = (
				769A0A7D2774115800AB593D /* SwiftStudy */,
				769A0A962774115A00AB593D /* SwiftStudyTests */,
				769A0AA02774115A00AB593D /* SwiftStudyUITests */,
			);
		};
/* End PBXProject section */

/* Begin PBXResourcesBuildPhase section */
		769A0A7C2774115800AB593D /* Resources */ = {
			isa = PBXResourcesBuildPhase;
			buildActionMask = 2147483647;
			files = (
				769A0A912774115A00AB593D /* LaunchScreen.storyboard in Resources */,
				769A0A8E2774115A00AB593D /* Assets.xcassets in Resources */,
				769A0A892774115800AB593D /* Main.storyboard in Resources */,
			);
			runOnlyForDeploymentPostprocessing = 0;
		};
		769A0A952774115A00AB593D /* Resources */ = {
			isa = PBXResourcesBuildPhase;
			buildActionMask = 2147483647;
			files = (
			);
			runOnlyForDeploymentPostprocessing = 0;
		};
		769A0A9F2774115A00AB593D /* Resources */ = {
			isa = PBXResourcesBuildPhase;
			buildActionMask = 2147483647;
			files = (
			);
			runOnlyForDeploymentPostprocessing = 0;
		};
/* End PBXResourcesBuildPhase section */

/* Begin PBXSourcesBuildPhase section */
		769A0A7A2774115800AB593D /* Sources */ = {
			isa = PBXSourcesBuildPhase;
			buildActionMask = 2147483647;
			files = (
				769A0A862774115800AB593D /* ViewController.swift in Sources */,
				769A0A8C2774115800AB593D /* SwiftStudy.xcdatamodeld in Sources */,
				769A0A822774115800AB593D /* AppDelegate.swift in Sources */,
				769A0A842774115800AB593D /* SceneDelegate.swift in Sources */,
			);
			runOnlyForDeploymentPostprocessing = 0;
		};
		769A0A932774115A00AB593D /* Sources */ = {
			isa = PBXSourcesBuildPhase;
			buildActionMask = 2147483647;
			files = (
				769A0A9C2774115A00AB593D /* SwiftStudyTests.swift in Sources */,
			);
			runOnlyForDeploymentPostprocessing = 0;
		};
		769A0A9D2774115A00AB593D /* Sources */ = {
			isa = PBXSourcesBuildPhase;
			buildActionMask = 2147483647;
			files = (
				769A0AA82774115A00AB593D /* SwiftStudyUITestsLaunchTests.swift in Sources */,
				769A0AA62774115A00AB593D /* SwiftStudyUITests.swift in Sources */,
			);
			runOnlyForDeploymentPostprocessing = 0;
		};
/* End PBXSourcesBuildPhase section */

/* Begin PBXTargetDependency section */
		769A0A992774115A00AB593D /* PBXTargetDependency */ = {
			isa = PBXTargetDependency;
			target = 769A0A7D2774115800AB593D /* SwiftStudy */;
			targetProxy = 769A0A982774115A00AB593D /* PBXContainerItemProxy */;
		};
		769A0AA32774115A00AB593D /* PBXTargetDependency */ = {
			isa = PBXTargetDependency;
			target = 769A0A7D2774115800AB593D /* SwiftStudy */;
			targetProxy = 769A0AA22774115A00AB593D /* PBXContainerItemProxy */;
		};
/* End PBXTargetDependency section */

/* Begin PBXVariantGroup section */
		769A0A872774115800AB593D /* Main.storyboard */ = {
			isa = PBXVariantGroup;
			children = (
				769A0A882774115800AB593D /* Base */,
			);
			name = Main.storyboard;
			sourceTree = "<group>";
		};
		769A0A8F2774115A00AB593D /* LaunchScreen.storyboard */ = {
			isa = PBXVariantGroup;
			children = (
				769A0A902774115A00AB593D /* Base */,
			);
			name = LaunchScreen.storyboard;
			sourceTree = "<group>";
		};
/* End PBXVariantGroup section */

/* Begin XCBuildConfiguration section */
		769A0AA92774115A00AB593D /* Debug */ = {
			isa = XCBuildConfiguration;
			buildSettings = {
				ALWAYS_SEARCH_USER_PATHS = NO;
				CLANG_ANALYZER_NONNULL = YES;
				CLANG_ANALYZER_NUMBER_OBJECT_CONVERSION = YES_AGGRESSIVE;
				CLANG_CXX_LANGUAGE_STANDARD = "gnu++17";
				CLANG_CXX_LIBRARY = "libc++";
				CLANG_ENABLE_MODULES = YES;
				CLANG_ENABLE_OBJC_ARC = YES;
				CLANG_ENABLE_OBJC_WEAK = YES;
				CLANG_WARN_BLOCK_CAPTURE_AUTORELEASING = YES;
				CLANG_WARN_BOOL_CONVERSION = YES;
				CLANG_WARN_COMMA = YES;
				CLANG_WARN_CONSTANT_CONVERSION = YES;
				CLANG_WARN_DEPRECATED_OBJC_IMPLEMENTATIONS = YES;
				CLANG_WARN_DIRECT_OBJC_ISA_USAGE = YES_ERROR;
				CLANG_WARN_DOCUMENTATION_COMMENTS = YES;
				CLANG_WARN_EMPTY_BODY = YES;
				CLANG_WARN_ENUM_CONVERSION = YES;
				CLANG_WARN_INFINITE_RECURSION = YES;
				CLANG_WARN_INT_CONVERSION = YES;
				CLANG_WARN_NON_LITERAL_NULL_CONVERSION = YES;
				CLANG_WARN_OBJC_IMPLICIT_RETAIN_SELF = YES;
				CLANG_WARN_OBJC_LITERAL_CONVERSION = YES;
				CLANG_WARN_OBJC_ROOT_CLASS = YES_ERROR;
				CLANG_WARN_QUOTED_INCLUDE_IN_FRAMEWORK_HEADER = YES;
				CLANG_WARN_RANGE_LOOP_ANALYSIS = YES;
				CLANG_WARN_STRICT_PROTOTYPES = YES;
				CLANG_WARN_SUSPICIOUS_MOVE = YES;
				CLANG_WARN_UNGUARDED_AVAILABILITY = YES_AGGRESSIVE;
				CLANG_WARN_UNREACHABLE_CODE = YES;
				CLANG_WARN__DUPLICATE_METHOD_MATCH = YES;
				COPY_PHASE_STRIP = NO;
				DEBUG_INFORMATION_FORMAT = dwarf;
				ENABLE_STRICT_OBJC_MSGSEND = YES;
				ENABLE_TESTABILITY = YES;
				GCC_C_LANGUAGE_STANDARD = gnu11;
				GCC_DYNAMIC_NO_PIC = NO;
				GCC_NO_COMMON_BLOCKS = YES;
				GCC_OPTIMIZATION_LEVEL = 0;
				GCC_PREPROCESSOR_DEFINITIONS = (
					"DEBUG=1",
					"$(inherited)",
				);
				GCC_WARN_64_TO_32_BIT_CONVERSION = YES;
				GCC_WARN_ABOUT_RETURN_TYPE = YES_ERROR;
				GCC_WARN_UNDECLARED_SELECTOR = YES;
				GCC_WARN_UNINITIALIZED_AUTOS = YES_AGGRESSIVE;
				GCC_WARN_UNUSED_FUNCTION = YES;
				GCC_WARN_UNUSED_VARIABLE = YES;
				IPHONEOS_DEPLOYMENT_TARGET = 15.2;
				MTL_ENABLE_DEBUG_INFO = INCLUDE_SOURCE;
				MTL_FAST_MATH = YES;
				ONLY_ACTIVE_ARCH = YES;
				SDKROOT = iphoneos;
				SWIFT_ACTIVE_COMPILATION_CONDITIONS = DEBUG;
				SWIFT_OPTIMIZATION_LEVEL = "-Onone";
			};
			name = Debug;
		};
		769A0AAA2774115A00AB593D /* Release */ = {
			isa = XCBuildConfiguration;
			buildSettings = {
				ALWAYS_SEARCH_USER_PATHS = NO;
				CLANG_ANALYZER_NONNULL = YES;
				CLANG_ANALYZER_NUMBER_OBJECT_CONVERSION = YES_AGGRESSIVE;
				CLANG_CXX_LANGUAGE_STANDARD = "gnu++17";
				CLANG_CXX_LIBRARY = "libc++";
				CLANG_ENABLE_MODULES = YES;
				CLANG_ENABLE_OBJC_ARC = YES;
				CLANG_ENABLE_OBJC_WEAK = YES;
				CLANG_WARN_BLOCK_CAPTURE_AUTORELEASING = YES;
				CLANG_WARN_BOOL_CONVERSION = YES;
				CLANG_WARN_COMMA = YES;
				CLANG_WARN_CONSTANT_CONVERSION = YES;
				CLANG_WARN_DEPRECATED_OBJC_IMPLEMENTATIONS = YES;
				CLANG_WARN_DIRECT_OBJC_ISA_USAGE = YES_ERROR;
				CLANG_WARN_DOCUMENTATION_COMMENTS = YES;
				CLANG_WARN_EMPTY_BODY = YES;
				CLANG_WARN_ENUM_CONVERSION = YES;
				CLANG_WARN_INFINITE_RECURSION = YES;
				CLANG_WARN_INT_CONVERSION = YES;
				CLANG_WARN_NON_LITERAL_NULL_CONVERSION = YES;
				CLANG_WARN_OBJC_IMPLICIT_RETAIN_SELF = YES;
				CLANG_WARN_OBJC_LITERAL_CONVERSION = YES;
				CLANG_WARN_OBJC_ROOT_CLASS = YES_ERROR;
				CLANG_WARN_QUOTED_INCLUDE_IN_FRAMEWORK_HEADER = YES;
				CLANG_WARN_RANGE_LOOP_ANALYSIS = YES;
				CLANG_WARN_STRICT_PROTOTYPES = YES;
				CLANG_WARN_SUSPICIOUS_MOVE = YES;
				CLANG_WARN_UNGUARDED_AVAILABILITY = YES_AGGRESSIVE;
				CLANG_WARN_UNREACHABLE_CODE = YES;
				CLANG_WARN__DUPLICATE_METHOD_MATCH = YES;
				COPY_PHASE_STRIP = NO;
				DEBUG_INFORMATION_FORMAT = "dwarf-with-dsym";
				ENABLE_NS_ASSERTIONS = NO;
				ENABLE_STRICT_OBJC_MSGSEND = YES;
				GCC_C_LANGUAGE_STANDARD = gnu11;
				GCC_NO_COMMON_BLOCKS = YES;
				GCC_WARN_64_TO_32_BIT_CONVERSION = YES;
				GCC_WARN_ABOUT_RETURN_TYPE = YES_ERROR;
				GCC_WARN_UNDECLARED_SELECTOR = YES;
				GCC_WARN_UNINITIALIZED_AUTOS = YES_AGGRESSIVE;
				GCC_WARN_UNUSED_FUNCTION = YES;
				GCC_WARN_UNUSED_VARIABLE = YES;
				IPHONEOS_DEPLOYMENT_TARGET = 15.2;
				MTL_ENABLE_DEBUG_INFO = NO;
				MTL_FAST_MATH = YES;
				SDKROOT = iphoneos;
				SWIFT_COMPILATION_MODE = wholemodule;
				SWIFT_OPTIMIZATION_LEVEL = "-O";
				VALIDATE_PRODUCT = YES;
			};
			name = Release;
		};
		769A0AAC2774115A00AB593D /* Debug */ = {
			isa = XCBuildConfiguration;
			buildSettings = {
				ASSETCATALOG_COMPILER_APPICON_NAME = AppIcon;
				ASSETCATALOG_COMPILER_GLOBAL_ACCENT_COLOR_NAME = AccentColor;
				CODE_SIGN_STYLE = Automatic;
				CURRENT_PROJECT_VERSION = 1;
				DEVELOPMENT_TEAM = C6856H5F7F;
				GENERATE_INFOPLIST_FILE = YES;
				INFOPLIST_FILE = SwiftStudy/Info.plist;
				INFOPLIST_KEY_UIApplicationSupportsIndirectInputEvents = YES;
				INFOPLIST_KEY_UILaunchStoryboardName = LaunchScreen;
				INFOPLIST_KEY_UIMainStoryboardFile = Main;
				INFOPLIST_KEY_UISupportedInterfaceOrientations_iPad = "UIInterfaceOrientationPortrait UIInterfaceOrientationPortraitUpsideDown UIInterfaceOrientationLandscapeLeft UIInterfaceOrientationLandscapeRight";
				INFOPLIST_KEY_UISupportedInterfaceOrientations_iPhone = "UIInterfaceOrientationPortrait UIInterfaceOrientationLandscapeLeft UIInterfaceOrientationLandscapeRight";
				LD_RUNPATH_SEARCH_PATHS = (
					"$(inherited)",
					"@executable_path/Frameworks",
				);
				MARKETING_VERSION = 1.0;
				PRODUCT_BUNDLE_IDENTIFIER = patrick.hotmail.com.SwiftStudy;
				PRODUCT_NAME = "$(TARGET_NAME)";
				SWIFT_EMIT_LOC_STRINGS = YES;
				SWIFT_VERSION = 5.0;
				TARGETED_DEVICE_FAMILY = "1,2";
			};
			name = Debug;
		};
		769A0AAD2774115A00AB593D /* Release */ = {
			isa = XCBuildConfiguration;
			buildSettings = {
				ASSETCATALOG_COMPILER_APPICON_NAME = AppIcon;
				ASSETCATALOG_COMPILER_GLOBAL_ACCENT_COLOR_NAME = AccentColor;
				CODE_SIGN_STYLE = Automatic;
				CURRENT_PROJECT_VERSION = 1;
				DEVELOPMENT_TEAM = C6856H5F7F;
				GENERATE_INFOPLIST_FILE = YES;
				INFOPLIST_FILE = SwiftStudy/Info.plist;
				INFOPLIST_KEY_UIApplicationSupportsIndirectInputEvents = YES;
				INFOPLIST_KEY_UILaunchStoryboardName = LaunchScreen;
				INFOPLIST_KEY_UIMainStoryboardFile = Main;
				INFOPLIST_KEY_UISupportedInterfaceOrientations_iPad = "UIInterfaceOrientationPortrait UIInterfaceOrientationPortraitUpsideDown UIInterfaceOrientationLandscapeLeft UIInterfaceOrientationLandscapeRight";
				INFOPLIST_KEY_UISupportedInterfaceOrientations_iPhone = "UIInterfaceOrientationPortrait UIInterfaceOrientationLandscapeLeft UIInterfaceOrientationLandscapeRight";
				LD_RUNPATH_SEARCH_PATHS = (
					"$(inherited)",
					"@executable_path/Frameworks",
				);
				MARKETING_VERSION = 1.0;
				PRODUCT_BUNDLE_IDENTIFIER = patrick.hotmail.com.SwiftStudy;
				PRODUCT_NAME = "$(TARGET_NAME)";
				SWIFT_EMIT_LOC_STRINGS = YES;
				SWIFT_VERSION = 5.0;
				TARGETED_DEVICE_FAMILY = "1,2";
			};
			name = Release;
		};
		769A0AAF2774115A00AB593D /* Debug */ = {
			isa = XCBuildConfiguration;
			buildSettings = {
				ALWAYS_EMBED_SWIFT_STANDARD_LIBRARIES = YES;
				BUNDLE_LOADER = "$(TEST_HOST)";
				CODE_SIGN_STYLE = Automatic;
				CURRENT_PROJECT_VERSION = 1;
				DEVELOPMENT_TEAM = C6856H5F7F;
				GENERATE_INFOPLIST_FILE = YES;
				IPHONEOS_DEPLOYMENT_TARGET = 15.2;
				MARKETING_VERSION = 1.0;
				PRODUCT_BUNDLE_IDENTIFIER = patrick.hotmail.com.SwiftStudyTests;
				PRODUCT_NAME = "$(TARGET_NAME)";
				SWIFT_EMIT_LOC_STRINGS = NO;
				SWIFT_VERSION = 5.0;
				TARGETED_DEVICE_FAMILY = "1,2";
				TEST_HOST = "$(BUILT_PRODUCTS_DIR)/SwiftStudy.app/SwiftStudy";
			};
			name = Debug;
		};
		769A0AB02774115A00AB593D /* Release */ = {
			isa = XCBuildConfiguration;
			buildSettings = {
				ALWAYS_EMBED_SWIFT_STANDARD_LIBRARIES = YES;
				BUNDLE_LOADER = "$(TEST_HOST)";
				CODE_SIGN_STYLE = Automatic;
				CURRENT_PROJECT_VERSION = 1;
				DEVELOPMENT_TEAM = C6856H5F7F;
				GENERATE_INFOPLIST_FILE = YES;
				IPHONEOS_DEPLOYMENT_TARGET = 15.2;
				MARKETING_VERSION = 1.0;
				PRODUCT_BUNDLE_IDENTIFIER = patrick.hotmail.com.SwiftStudyTests;
				PRODUCT_NAME = "$(TARGET_NAME)";
				SWIFT_EMIT_LOC_STRINGS = NO;
				SWIFT_VERSION = 5.0;
				TARGETED_DEVICE_FAMILY = "1,2";
				TEST_HOST = "$(BUILT_PRODUCTS_DIR)/SwiftStudy.app/SwiftStudy";
			};
			name = Release;
		};
		769A0AB22774115A00AB593D /* Debug */ = {
			isa = XCBuildConfiguration;
			buildSettings = {
				ALWAYS_EMBED_SWIFT_STANDARD_LIBRARIES = YES;
				CODE_SIGN_STYLE = Automatic;
				CURRENT_PROJECT_VERSION = 1;
				DEVELOPMENT_TEAM = C6856H5F7F;
				GENERATE_INFOPLIST_FILE = YES;
				MARKETING_VERSION = 1.0;
				PRODUCT_BUNDLE_IDENTIFIER = patrick.hotmail.com.SwiftStudyUITests;
				PRODUCT_NAME = "$(TARGET_NAME)";
				SWIFT_EMIT_LOC_STRINGS = NO;
				SWIFT_VERSION = 5.0;
				TARGETED_DEVICE_FAMILY = "1,2";
				TEST_TARGET_NAME = SwiftStudy;
			};
			name = Debug;
		};
		769A0AB32774115A00AB593D /* Release */ = {
			isa = XCBuildConfiguration;
			buildSettings = {
				ALWAYS_EMBED_SWIFT_STANDARD_LIBRARIES = YES;
				CODE_SIGN_STYLE = Automatic;
				CURRENT_PROJECT_VERSION = 1;
				DEVELOPMENT_TEAM = C6856H5F7F;
				GENERATE_INFOPLIST_FILE = YES;
				MARKETING_VERSION = 1.0;
				PRODUCT_BUNDLE_IDENTIFIER = patrick.hotmail.com.SwiftStudyUITests;
				PRODUCT_NAME = "$(TARGET_NAME)";
				SWIFT_EMIT_LOC_STRINGS = NO;
				SWIFT_VERSION = 5.0;
				TARGETED_DEVICE_FAMILY = "1,2";
				TEST_TARGET_NAME = SwiftStudy;
			};
			name = Release;
		};
/* End XCBuildConfiguration section */

/* Begin XCConfigurationList section */
		769A0A792774115800AB593D /* Build configuration list for PBXProject "SwiftStudy" */ = {
			isa = XCConfigurationList;
			buildConfigurations = (
				769A0AA92774115A00AB593D /* Debug */,
				769A0AAA2774115A00AB593D /* Release */,
			);
			defaultConfigurationIsVisible = 0;
			defaultConfigurationName = Release;
		};
		769A0AAB2774115A00AB593D /* Build configuration list for PBXNativeTarget "SwiftStudy" */ = {
			isa = XCConfigurationList;
			buildConfigurations = (
				769A0AAC2774115A00AB593D /* Debug */,
				769A0AAD2774115A00AB593D /* Release */,
			);
			defaultConfigurationIsVisible = 0;
			defaultConfigurationName = Release;
		};
		769A0AAE2774115A00AB593D /* Build configuration list for PBXNativeTarget "SwiftStudyTests" */ = {
			isa = XCConfigurationList;
			buildConfigurations = (
				769A0AAF2774115A00AB593D /* Debug */,
				769A0AB02774115A00AB593D /* Release */,
			);
			defaultConfigurationIsVisible = 0;
			defaultConfigurationName = Release;
		};
		769A0AB12774115A00AB593D /* Build configuration list for PBXNativeTarget "SwiftStudyUITests" */ = {
			isa = XCConfigurationList;
			buildConfigurations = (
				769A0AB22774115A00AB593D /* Debug */,
				769A0AB32774115A00AB593D /* Release */,
			);
			defaultConfigurationIsVisible = 0;
			defaultConfigurationName = Release;
		};
/* End XCConfigurationList section */

/* Begin XCVersionGroup section */
		769A0A8A2774115800AB593D /* SwiftStudy.xcdatamodeld */ = {
			isa = XCVersionGroup;
			children = (
				769A0A8B2774115800AB593D /* SwiftStudy.xcdatamodel */,
			);
			currentVersion = 769A0A8B2774115800AB593D /* SwiftStudy.xcdatamodel */;
			path = SwiftStudy.xcdatamodeld;
			sourceTree = "<group>";
			versionGroupType = wrapper.xcdatamodel;
		};
/* End XCVersionGroup section */
	};
	rootObject = 769A0A762774115800AB593D /* Project object */;
}
